// !$*UTF8*$!
{
	archiveVersion = 1;
	classes = {
	};
	objectVersion = 56;
	objects = {

/* Begin PBXBuildFile section */
		0137B596299F8367003DD070 /* AppDelegate.swift in Sources */ = {isa = PBXBuildFile; fileRef = 0137B595299F8367003DD070 /* AppDelegate.swift */; };
		0137B598299F8367003DD070 /* SceneDelegate.swift in Sources */ = {isa = PBXBuildFile; fileRef = 0137B597299F8367003DD070 /* SceneDelegate.swift */; };
		0137B59F299F836D003DD070 /* Assets.xcassets in Resources */ = {isa = PBXBuildFile; fileRef = 0137B59E299F836D003DD070 /* Assets.xcassets */; };
		0137B5A2299F836D003DD070 /* LaunchScreen.storyboard in Resources */ = {isa = PBXBuildFile; fileRef = 0137B5A0299F836D003DD070 /* LaunchScreen.storyboard */; };
		0137B5AD299F879D003DD070 /* Info.md in Resources */ = {isa = PBXBuildFile; fileRef = 0137B5AC299F879D003DD070 /* Info.md */; };
		0137B5B2299F919C003DD070 /* HabitsStore.swift in Sources */ = {isa = PBXBuildFile; fileRef = 0137B5B1299F919C003DD070 /* HabitsStore.swift */; };
		0137B5B4299F91F6003DD070 /* TabBarController.swift in Sources */ = {isa = PBXBuildFile; fileRef = 0137B5B3299F91F6003DD070 /* TabBarController.swift */; };
		0137B5B8299F9709003DD070 /* HabitsViewController.swift in Sources */ = {isa = PBXBuildFile; fileRef = 0137B5B7299F9709003DD070 /* HabitsViewController.swift */; };
		0137B5BA299F9727003DD070 /* InfoViewController.swift in Sources */ = {isa = PBXBuildFile; fileRef = 0137B5B9299F9727003DD070 /* InfoViewController.swift */; };
		0137B5BC299F9936003DD070 /* InfoModel.swift in Sources */ = {isa = PBXBuildFile; fileRef = 0137B5BB299F9936003DD070 /* InfoModel.swift */; };
/* End PBXBuildFile section */

/* Begin PBXFileReference section */
		0137B592299F8367003DD070 /* MyHabits.app */ = {isa = PBXFileReference; explicitFileType = wrapper.application; includeInIndex = 0; path = MyHabits.app; sourceTree = BUILT_PRODUCTS_DIR; };
		0137B595299F8367003DD070 /* AppDelegate.swift */ = {isa = PBXFileReference; lastKnownFileType = sourcecode.swift; path = AppDelegate.swift; sourceTree = "<group>"; };
		0137B597299F8367003DD070 /* SceneDelegate.swift */ = {isa = PBXFileReference; lastKnownFileType = sourcecode.swift; path = SceneDelegate.swift; sourceTree = "<group>"; };
		0137B59E299F836D003DD070 /* Assets.xcassets */ = {isa = PBXFileReference; lastKnownFileType = folder.assetcatalog; path = Assets.xcassets; sourceTree = "<group>"; };
		0137B5A1299F836D003DD070 /* Base */ = {isa = PBXFileReference; lastKnownFileType = file.storyboard; name = Base; path = Base.lproj/LaunchScreen.storyboard; sourceTree = "<group>"; };
		0137B5A3299F836D003DD070 /* Info.plist */ = {isa = PBXFileReference; lastKnownFileType = text.plist.xml; path = Info.plist; sourceTree = "<group>"; };
		0137B5AC299F879D003DD070 /* Info.md */ = {isa = PBXFileReference; lastKnownFileType = net.daringfireball.markdown; path = Info.md; sourceTree = "<group>"; };
		0137B5B1299F919C003DD070 /* HabitsStore.swift */ = {isa = PBXFileReference; lastKnownFileType = sourcecode.swift; path = HabitsStore.swift; sourceTree = "<group>"; };
		0137B5B3299F91F6003DD070 /* TabBarController.swift */ = {isa = PBXFileReference; lastKnownFileType = sourcecode.swift; path = TabBarController.swift; sourceTree = "<group>"; };
		0137B5B7299F9709003DD070 /* HabitsViewController.swift */ = {isa = PBXFileReference; lastKnownFileType = sourcecode.swift; path = HabitsViewController.swift; sourceTree = "<group>"; };
		0137B5B9299F9727003DD070 /* InfoViewController.swift */ = {isa = PBXFileReference; lastKnownFileType = sourcecode.swift; path = InfoViewController.swift; sourceTree = "<group>"; };
		0137B5BB299F9936003DD070 /* InfoModel.swift */ = {isa = PBXFileReference; lastKnownFileType = sourcecode.swift; path = InfoModel.swift; sourceTree = "<group>"; };
/* End PBXFileReference section */

/* Begin PBXFrameworksBuildPhase section */
		0137B58F299F8367003DD070 /* Frameworks */ = {
			isa = PBXFrameworksBuildPhase;
			buildActionMask = 2147483647;
			files = (
			);
			runOnlyForDeploymentPostprocessing = 0;
		};
/* End PBXFrameworksBuildPhase section */

/* Begin PBXGroup section */
		0137B589299F8367003DD070 = {
			isa = PBXGroup;
			children = (
				0137B594299F8367003DD070 /* MyHabits */,
				0137B593299F8367003DD070 /* Products */,
			);
			sourceTree = "<group>";
		};
		0137B593299F8367003DD070 /* Products */ = {
			isa = PBXGroup;
			children = (
				0137B592299F8367003DD070 /* MyHabits.app */,
			);
			name = Products;
			sourceTree = "<group>";
		};
		0137B594299F8367003DD070 /* MyHabits */ = {
			isa = PBXGroup;
			children = (
				0137B5A9299F842F003DD070 /* Application */,
				0137B5AB299F849B003DD070 /* LaunchScreen */,
				0137B5B6299F96E2003DD070 /* InfoView Module */,
				0137B5B0299F9186003DD070 /* HabitsData */,
				0137B5B5299F96D7003DD070 /* HabitsView Module */,
				0137B5AF299F8F27003DD070 /* TabBar Module */,
				0137B59E299F836D003DD070 /* Assets.xcassets */,
				0137B5A3299F836D003DD070 /* Info.plist */,
				0137B5AC299F879D003DD070 /* Info.md */,
			);
			path = MyHabits;
			sourceTree = "<group>";
		};
		0137B5A9299F842F003DD070 /* Application */ = {
			isa = PBXGroup;
			children = (
				0137B595299F8367003DD070 /* AppDelegate.swift */,
				0137B597299F8367003DD070 /* SceneDelegate.swift */,
			);
			path = Application;
			sourceTree = "<group>";
		};
		0137B5AB299F849B003DD070 /* LaunchScreen */ = {
			isa = PBXGroup;
			children = (
				0137B5A0299F836D003DD070 /* LaunchScreen.storyboard */,
			);
			path = LaunchScreen;
			sourceTree = "<group>";
		};
		0137B5AF299F8F27003DD070 /* TabBar Module */ = {
			isa = PBXGroup;
			children = (
				0137B5B3299F91F6003DD070 /* TabBarController.swift */,
			);
			path = "TabBar Module";
			sourceTree = "<group>";
		};
		0137B5B0299F9186003DD070 /* HabitsData */ = {
			isa = PBXGroup;
			children = (
				0137B5B1299F919C003DD070 /* HabitsStore.swift */,
			);
			path = HabitsData;
			sourceTree = "<group>";
		};
		0137B5B5299F96D7003DD070 /* HabitsView Module */ = {
			isa = PBXGroup;
			children = (
				0137B5B7299F9709003DD070 /* HabitsViewController.swift */,
			);
			path = "HabitsView Module";
			sourceTree = "<group>";
		};
		0137B5B6299F96E2003DD070 /* InfoView Module */ = {
			isa = PBXGroup;
			children = (
				0137B5B9299F9727003DD070 /* InfoViewController.swift */,
				0137B5BB299F9936003DD070 /* InfoModel.swift */,
			);
			path = "InfoView Module";
			sourceTree = "<group>";
		};
/* End PBXGroup section */

/* Begin PBXNativeTarget section */
		0137B591299F8367003DD070 /* MyHabits */ = {
			isa = PBXNativeTarget;
			buildConfigurationList = 0137B5A6299F836D003DD070 /* Build configuration list for PBXNativeTarget "MyHabits" */;
			buildPhases = (
				0137B58E299F8367003DD070 /* Sources */,
				0137B58F299F8367003DD070 /* Frameworks */,
				0137B590299F8367003DD070 /* Resources */,
			);
			buildRules = (
			);
			dependencies = (
			);
			name = MyHabits;
			productName = MyHabits;
			productReference = 0137B592299F8367003DD070 /* MyHabits.app */;
			productType = "com.apple.product-type.application";
		};
/* End PBXNativeTarget section */

/* Begin PBXProject section */
		0137B58A299F8367003DD070 /* Project object */ = {
			isa = PBXProject;
			attributes = {
				BuildIndependentTargetsInParallel = 1;
				LastSwiftUpdateCheck = 1420;
				LastUpgradeCheck = 1420;
				TargetAttributes = {
					0137B591299F8367003DD070 = {
						CreatedOnToolsVersion = 14.2;
					};
				};
			};
			buildConfigurationList = 0137B58D299F8367003DD070 /* Build configuration list for PBXProject "MyHabits" */;
			compatibilityVersion = "Xcode 14.0";
			developmentRegion = en;
			hasScannedForEncodings = 0;
			knownRegions = (
				en,
				Base,
			);
			mainGroup = 0137B589299F8367003DD070;
			productRefGroup = 0137B593299F8367003DD070 /* Products */;
			projectDirPath = "";
			projectRoot = "";
			targets = (
				0137B591299F8367003DD070 /* MyHabits */,
			);
		};
/* End PBXProject section */

/* Begin PBXResourcesBuildPhase section */
		0137B590299F8367003DD070 /* Resources */ = {
			isa = PBXResourcesBuildPhase;
			buildActionMask = 2147483647;
			files = (
				0137B5AD299F879D003DD070 /* Info.md in Resources */,
				0137B5A2299F836D003DD070 /* LaunchScreen.storyboard in Resources */,
				0137B59F299F836D003DD070 /* Assets.xcassets in Resources */,
			);
			runOnlyForDeploymentPostprocessing = 0;
		};
/* End PBXResourcesBuildPhase section */

/* Begin PBXSourcesBuildPhase section */
		0137B58E299F8367003DD070 /* Sources */ = {
			isa = PBXSourcesBuildPhase;
			buildActionMask = 2147483647;
			files = (
				0137B5B2299F919C003DD070 /* HabitsStore.swift in Sources */,
				0137B596299F8367003DD070 /* AppDelegate.swift in Sources */,
				0137B5B4299F91F6003DD070 /* TabBarController.swift in Sources */,
				0137B5B8299F9709003DD070 /* HabitsViewController.swift in Sources */,
				0137B5BC299F9936003DD070 /* InfoModel.swift in Sources */,
				0137B5BA299F9727003DD070 /* InfoViewController.swift in Sources */,
				0137B598299F8367003DD070 /* SceneDelegate.swift in Sources */,
			);
			runOnlyForDeploymentPostprocessing = 0;
		};
/* End PBXSourcesBuildPhase section */

/* Begin PBXVariantGroup section */
		0137B5A0299F836D003DD070 /* LaunchScreen.storyboard */ = {
			isa = PBXVariantGroup;
			children = (
				0137B5A1299F836D003DD070 /* Base */,
			);
			name = LaunchScreen.storyboard;
			sourceTree = "<group>";
		};
/* End PBXVariantGroup section */

/* Begin XCBuildConfiguration section */
		0137B5A4299F836D003DD070 /* Debug */ = {
			isa = XCBuildConfiguration;
			buildSettings = {
				ALWAYS_SEARCH_USER_PATHS = NO;
				CLANG_ANALYZER_NONNULL = YES;
				CLANG_ANALYZER_NUMBER_OBJECT_CONVERSION = YES_AGGRESSIVE;
				CLANG_CXX_LANGUAGE_STANDARD = "gnu++20";
				CLANG_ENABLE_MODULES = YES;
				CLANG_ENABLE_OBJC_ARC = YES;
				CLANG_ENABLE_OBJC_WEAK = YES;
				CLANG_WARN_BLOCK_CAPTURE_AUTORELEASING = YES;
				CLANG_WARN_BOOL_CONVERSION = YES;
				CLANG_WARN_COMMA = YES;
				CLANG_WARN_CONSTANT_CONVERSION = YES;
				CLANG_WARN_DEPRECATED_OBJC_IMPLEMENTATIONS = YES;
				CLANG_WARN_DIRECT_OBJC_ISA_USAGE = YES_ERROR;
				CLANG_WARN_DOCUMENTATION_COMMENTS = YES;
				CLANG_WARN_EMPTY_BODY = YES;
				CLANG_WARN_ENUM_CONVERSION = YES;
				CLANG_WARN_INFINITE_RECURSION = YES;
				CLANG_WARN_INT_CONVERSION = YES;
				CLANG_WARN_NON_LITERAL_NULL_CONVERSION = YES;
				CLANG_WARN_OBJC_IMPLICIT_RETAIN_SELF = YES;
				CLANG_WARN_OBJC_LITERAL_CONVERSION = YES;
				CLANG_WARN_OBJC_ROOT_CLASS = YES_ERROR;
				CLANG_WARN_QUOTED_INCLUDE_IN_FRAMEWORK_HEADER = YES;
				CLANG_WARN_RANGE_LOOP_ANALYSIS = YES;
				CLANG_WARN_STRICT_PROTOTYPES = YES;
				CLANG_WARN_SUSPICIOUS_MOVE = YES;
				CLANG_WARN_UNGUARDED_AVAILABILITY = YES_AGGRESSIVE;
				CLANG_WARN_UNREACHABLE_CODE = YES;
				CLANG_WARN__DUPLICATE_METHOD_MATCH = YES;
				COPY_PHASE_STRIP = NO;
				DEBUG_INFORMATION_FORMAT = dwarf;
				ENABLE_STRICT_OBJC_MSGSEND = YES;
				ENABLE_TESTABILITY = YES;
				GCC_C_LANGUAGE_STANDARD = gnu11;
				GCC_DYNAMIC_NO_PIC = NO;
				GCC_NO_COMMON_BLOCKS = YES;
				GCC_OPTIMIZATION_LEVEL = 0;
				GCC_PREPROCESSOR_DEFINITIONS = (
					"DEBUG=1",
					"$(inherited)",
				);
				GCC_WARN_64_TO_32_BIT_CONVERSION = YES;
				GCC_WARN_ABOUT_RETURN_TYPE = YES_ERROR;
				GCC_WARN_UNDECLARED_SELECTOR = YES;
				GCC_WARN_UNINITIALIZED_AUTOS = YES_AGGRESSIVE;
				GCC_WARN_UNUSED_FUNCTION = YES;
				GCC_WARN_UNUSED_VARIABLE = YES;
				IPHONEOS_DEPLOYMENT_TARGET = 16.2;
				MTL_ENABLE_DEBUG_INFO = INCLUDE_SOURCE;
				MTL_FAST_MATH = YES;
				ONLY_ACTIVE_ARCH = YES;
				SDKROOT = iphoneos;
				SWIFT_ACTIVE_COMPILATION_CONDITIONS = DEBUG;
				SWIFT_OPTIMIZATION_LEVEL = "-Onone";
			};
			name = Debug;
		};
		0137B5A5299F836D003DD070 /* Release */ = {
			isa = XCBuildConfiguration;
			buildSettings = {
				ALWAYS_SEARCH_USER_PATHS = NO;
				CLANG_ANALYZER_NONNULL = YES;
				CLANG_ANALYZER_NUMBER_OBJECT_CONVERSION = YES_AGGRESSIVE;
				CLANG_CXX_LANGUAGE_STANDARD = "gnu++20";
				CLANG_ENABLE_MODULES = YES;
				CLANG_ENABLE_OBJC_ARC = YES;
				CLANG_ENABLE_OBJC_WEAK = YES;
				CLANG_WARN_BLOCK_CAPTURE_AUTORELEASING = YES;
				CLANG_WARN_BOOL_CONVERSION = YES;
				CLANG_WARN_COMMA = YES;
				CLANG_WARN_CONSTANT_CONVERSION = YES;
				CLANG_WARN_DEPRECATED_OBJC_IMPLEMENTATIONS = YES;
				CLANG_WARN_DIRECT_OBJC_ISA_USAGE = YES_ERROR;
				CLANG_WARN_DOCUMENTATION_COMMENTS = YES;
				CLANG_WARN_EMPTY_BODY = YES;
				CLANG_WARN_ENUM_CONVERSION = YES;
				CLANG_WARN_INFINITE_RECURSION = YES;
				CLANG_WARN_INT_CONVERSION = YES;
				CLANG_WARN_NON_LITERAL_NULL_CONVERSION = YES;
				CLANG_WARN_OBJC_IMPLICIT_RETAIN_SELF = YES;
				CLANG_WARN_OBJC_LITERAL_CONVERSION = YES;
				CLANG_WARN_OBJC_ROOT_CLASS = YES_ERROR;
				CLANG_WARN_QUOTED_INCLUDE_IN_FRAMEWORK_HEADER = YES;
				CLANG_WARN_RANGE_LOOP_ANALYSIS = YES;
				CLANG_WARN_STRICT_PROTOTYPES = YES;
				CLANG_WARN_SUSPICIOUS_MOVE = YES;
				CLANG_WARN_UNGUARDED_AVAILABILITY = YES_AGGRESSIVE;
				CLANG_WARN_UNREACHABLE_CODE = YES;
				CLANG_WARN__DUPLICATE_METHOD_MATCH = YES;
				COPY_PHASE_STRIP = NO;
				DEBUG_INFORMATION_FORMAT = "dwarf-with-dsym";
				ENABLE_NS_ASSERTIONS = NO;
				ENABLE_STRICT_OBJC_MSGSEND = YES;
				GCC_C_LANGUAGE_STANDARD = gnu11;
				GCC_NO_COMMON_BLOCKS = YES;
				GCC_WARN_64_TO_32_BIT_CONVERSION = YES;
				GCC_WARN_ABOUT_RETURN_TYPE = YES_ERROR;
				GCC_WARN_UNDECLARED_SELECTOR = YES;
				GCC_WARN_UNINITIALIZED_AUTOS = YES_AGGRESSIVE;
				GCC_WARN_UNUSED_FUNCTION = YES;
				GCC_WARN_UNUSED_VARIABLE = YES;
				IPHONEOS_DEPLOYMENT_TARGET = 16.2;
				MTL_ENABLE_DEBUG_INFO = NO;
				MTL_FAST_MATH = YES;
				SDKROOT = iphoneos;
				SWIFT_COMPILATION_MODE = wholemodule;
				SWIFT_OPTIMIZATION_LEVEL = "-O";
				VALIDATE_PRODUCT = YES;
			};
			name = Release;
		};
		0137B5A7299F836D003DD070 /* Debug */ = {
			isa = XCBuildConfiguration;
			buildSettings = {
				ASSETCATALOG_COMPILER_APPICON_NAME = AppIcon;
				ASSETCATALOG_COMPILER_GLOBAL_ACCENT_COLOR_NAME = AccentColor;
				CODE_SIGN_STYLE = Automatic;
				CURRENT_PROJECT_VERSION = 1;
				DEVELOPMENT_TEAM = CSY29TKUKT;
				GENERATE_INFOPLIST_FILE = YES;
				INFOPLIST_FILE = MyHabits/Info.plist;
				INFOPLIST_KEY_CFBundleDisplayName = MyHabits;
				INFOPLIST_KEY_LSApplicationCategoryType = "public.app-category.lifestyle";
				INFOPLIST_KEY_UIApplicationSupportsIndirectInputEvents = YES;
				INFOPLIST_KEY_UILaunchStoryboardName = LaunchScreen;
				INFOPLIST_KEY_UIMainStoryboardFile = "";
				INFOPLIST_KEY_UIStatusBarStyle = "";
				INFOPLIST_KEY_UISupportedInterfaceOrientations_iPad = "UIInterfaceOrientationPortrait UIInterfaceOrientationPortraitUpsideDown UIInterfaceOrientationLandscapeLeft UIInterfaceOrientationLandscapeRight";
				INFOPLIST_KEY_UISupportedInterfaceOrientations_iPhone = "UIInterfaceOrientationPortrait UIInterfaceOrientationLandscapeLeft UIInterfaceOrientationLandscapeRight";
				LD_RUNPATH_SEARCH_PATHS = (
					"$(inherited)",
					"@executable_path/Frameworks",
				);
				MARKETING_VERSION = 1.0;
				PRODUCT_BUNDLE_IDENTIFIER = com.olyaboyko.MyHabits;
				PRODUCT_NAME = "$(TARGET_NAME)";
				SWIFT_EMIT_LOC_STRINGS = YES;
				SWIFT_VERSION = 5.0;
				TARGETED_DEVICE_FAMILY = "1,2";
			};
			name = Debug;
		};
		0137B5A8299F836D003DD070 /* Release */ = {
			isa = XCBuildConfiguration;
			buildSettings = {
				ASSETCATALOG_COMPILER_APPICON_NAME = AppIcon;
				ASSETCATALOG_COMPILER_GLOBAL_ACCENT_COLOR_NAME = AccentColor;
				CODE_SIGN_STYLE = Automatic;
				CURRENT_PROJECT_VERSION = 1;
				DEVELOPMENT_TEAM = CSY29TKUKT;
				GENERATE_INFOPLIST_FILE = YES;
				INFOPLIST_FILE = MyHabits/Info.plist;
				INFOPLIST_KEY_CFBundleDisplayName = MyHabits;
				INFOPLIST_KEY_LSApplicationCategoryType = "public.app-category.lifestyle";
				INFOPLIST_KEY_UIApplicationSupportsIndirectInputEvents = YES;
				INFOPLIST_KEY_UILaunchStoryboardName = LaunchScreen;
				INFOPLIST_KEY_UIMainStoryboardFile = "";
				INFOPLIST_KEY_UIStatusBarStyle = "";
				INFOPLIST_KEY_UISupportedInterfaceOrientations_iPad = "UIInterfaceOrientationPortrait UIInterfaceOrientationPortraitUpsideDown UIInterfaceOrientationLandscapeLeft UIInterfaceOrientationLandscapeRight";
				INFOPLIST_KEY_UISupportedInterfaceOrientations_iPhone = "UIInterfaceOrientationPortrait UIInterfaceOrientationLandscapeLeft UIInterfaceOrientationLandscapeRight";
				LD_RUNPATH_SEARCH_PATHS = (
					"$(inherited)",
					"@executable_path/Frameworks",
				);
				MARKETING_VERSION = 1.0;
				PRODUCT_BUNDLE_IDENTIFIER = com.olyaboyko.MyHabits;
				PRODUCT_NAME = "$(TARGET_NAME)";
				SWIFT_EMIT_LOC_STRINGS = YES;
				SWIFT_VERSION = 5.0;
				TARGETED_DEVICE_FAMILY = "1,2";
			};
			name = Release;
		};
/* End XCBuildConfiguration section */

/* Begin XCConfigurationList section */
		0137B58D299F8367003DD070 /* Build configuration list for PBXProject "MyHabits" */ = {
			isa = XCConfigurationList;
			buildConfigurations = (
				0137B5A4299F836D003DD070 /* Debug */,
				0137B5A5299F836D003DD070 /* Release */,
			);
			defaultConfigurationIsVisible = 0;
			defaultConfigurationName = Release;
		};
		0137B5A6299F836D003DD070 /* Build configuration list for PBXNativeTarget "MyHabits" */ = {
			isa = XCConfigurationList;
			buildConfigurations = (
				0137B5A7299F836D003DD070 /* Debug */,
				0137B5A8299F836D003DD070 /* Release */,
			);
			defaultConfigurationIsVisible = 0;
			defaultConfigurationName = Release;
		};
/* End XCConfigurationList section */
	};
	rootObject = 0137B58A299F8367003DD070 /* Project object */;
}
